{
  "version": "5",
  "specifiers": {
    "npm:@types/node@*": "22.12.0",
    "npm:r@*": "0.0.5",
    "npm:re@*": "0.1.4",
    "npm:res@*": "0.4.0",
    "npm:rese@*": "0.0.2-alpha",
    "npm:resen@*": "0.11.2",
    "npm:resend@*": "4.6.0"
  },
  "npm": {
    "@medv/prettyjson@1.0.1": {
      "integrity": "sha512-JnIV8EIfbPUKLB9qdmgLMCOALotwAb8sHGnomOOPfNBOpBHZepPfRltqUADQb2P9XUCaT/6qAgYfOCUSrXDCSg==",
      "dependencies": [
        "chalk",
        "indent-string"
      ]
    },
    "@react-email/render@1.1.2_react@19.1.0_react-dom@19.1.0__react@19.1.0": {
      "integrity": "sha512-RnRehYN3v9gVlNMehHPHhyp2RQo7+pSkHDtXPvg3s0GbzM9SQMW4Qrf8GRNvtpLC4gsI+Wt0VatNRUFqjvevbw==",
      "dependencies": [
        "html-to-text",
        "prettier",
        "react",
        "react-dom",
        "react-promise-suspense"
      ]
    },
    "@selderee/plugin-htmlparser2@0.11.0": {
      "integrity": "sha512-P33hHGdldxGabLFjPPpaTxVolMrzrcegejx+0GxjrIb9Zv48D8yAIA/QTDR2dFl7Uz7urX8aX6+5bCZslr+gWQ==",
      "dependencies": [
        "domhandler",
        "selderee"
      ]
    },
    "@types/node@22.12.0": {
      "integrity": "sha512-Fll2FZ1riMjNmlmJOdAyY5pUbkftXslB5DgEzlIuNaiWhXd00FhWxVC/r4yV/4wBb9JfImTu+jiSvXTkJ7F/gA==",
      "dependencies": [
        "undici-types"
      ]
    },
    "accepts@1.3.8": {
      "integrity": "sha512-PYAthTa2m2VKxuvSD3DPC/Gy+U+sOA1LAuT8mkmRuvw+NACSaeXEQ+NHcVF7rONl6qcaxV3Uuemwawk+7+SJLw==",
      "dependencies": [
        "mime-types",
        "negotiator"
      ]
    },
    "ansi-styles@3.2.1": {
      "integrity": "sha512-VT0ZI6kZRdTh8YyJw3SMbYm/u+NqfsAxEpWO0Pf9sq8/e94WxxOpPKx9FR1FlyCtOVDNOQ+8ntlqFxiRc+r5qA==",
      "dependencies": [
        "color-convert"
      ]
    },
    "async@2.6.0": {
      "integrity": "sha512-xAfGg1/NTLBBKlHFmnd7PlmUW9KhVQIUuSrYem9xzFUZy13ScvtyGGejaae9iAVRiRq9+Cx7DPFaAAhCpyxyPw==",
      "dependencies": [
        "lodash"
      ]
    },
    "asynckit@0.4.0": {
      "integrity": "sha512-Oei9OH4tRh0YqU3GxhX79dM/mwVgvbZJaSNaRk+bshkj0S5cfHcgYakreBjrHwatXKbz+IoIdYLxrKim2MjW0Q=="
    },
    "axios@1.10.0": {
      "integrity": "sha512-/1xYAC4MP/HEG+3duIhFr4ZQXR4sQXOIe+o6sdqzeykGLx6Upp/1p8MHqhINOvGeP7xyNHe7tsiJByc4SSVUxw==",
      "dependencies": [
        "follow-redirects",
        "form-data",
        "proxy-from-env"
      ]
    },
    "bluebird@3.5.0": {
      "integrity": "sha512-3LE8m8bqjGdoxfvf71yhFNrUcwy3NLy00SAo+b6MfJ8l+Bc2DzQ7mUHwX6pjK2AxfgV+YfsjCeVW3T5HLQTBsQ=="
    },
    "bson@1.0.9": {
      "integrity": "sha512-IQX9/h7WdMBIW/q/++tGd+emQr0XMdeZ6icnT/74Xk9fnabWn+gZgpE+9V+gujL3hhJOoNrnDVY7tWdzc7NUTg==",
      "deprecated": true
    },
    "buffer-shims@1.0.0": {
      "integrity": "sha512-Zy8ZXMyxIT6RMTeY7OP/bDndfj6bwCan7SS98CEndS6deHwWPpseeHlwarNcBim+etXnF9HBc1non5JgDaJU1g=="
    },
    "cache-content-type@1.0.1": {
      "integrity": "sha512-IKufZ1o4Ut42YUrZSo8+qnMTrFuKkvyoLXUywKz9GJ5BrhOFGhLdkx9sG4KAnVvbY6kEcSFjLQul+DVmBm2bgA==",
      "dependencies": [
        "mime-types",
        "ylru"
      ]
    },
    "call-bind-apply-helpers@1.0.2": {
      "integrity": "sha512-Sp1ablJ0ivDkSzjcaJdxEunN5/XvksFJ2sMBFfq6x0ryhQV/2b/KwFe21cMpmHtPOSij8K99/wSfoEuTObmuMQ==",
      "dependencies": [
        "es-errors",
        "function-bind"
      ]
    },
    "call-bound@1.0.4": {
      "integrity": "sha512-+ys997U96po4Kx/ABpBCqhA9EuxJaQWDQg7295H4hBphv3IZg0boBKuwYpt4YXp6MZ5AmZQnU/tyMTlRpaSejg==",
      "dependencies": [
        "call-bind-apply-helpers",
        "get-intrinsic"
      ]
    },
    "chalk@2.4.2": {
      "integrity": "sha512-Mti+f9lpJNcwF4tWV8/OrTTtF1gZi+f8FqlyAdouralcFWFQWF2+NgCHShjkCb+IFBLq9buZwE1xckQU4peSuQ==",
      "dependencies": [
        "ansi-styles",
        "escape-string-regexp",
        "supports-color"
      ]
    },
    "co@4.6.0": {
      "integrity": "sha512-QVb0dM5HvG+uaxitm8wONl7jltx8dqhfU33DcqtOZcLSVIKSDDLDi7+0LbAKiyI8hD9u42m2YxXSkMGWThaecQ=="
    },
    "color-convert@1.9.3": {
      "integrity": "sha512-QfAUtd+vFdAtFQcC8CCyYt1fYWxSqAiK2cSD6zDB8N3cpsEBAvRxp9zOGg6G/SHHJYAT88/az/IuDGALsNVbGg==",
      "dependencies": [
        "color-name"
      ]
    },
    "color-name@1.1.3": {
      "integrity": "sha512-72fSenhMw2HZMTVHeCA9KCmpEIbzWiQsjN+BHcBbS9vr1mtt+vJjPdksIBNUmKAW8TFUDPJK5SUU3QhE9NEXDw=="
    },
    "combined-stream@1.0.8": {
      "integrity": "sha512-FQN4MRfuJeHf7cBbBMJFXhKSDq+2kAArBlmRBvcvFE5BB1HZKXtSFASDhdlz9zOYwxh8lDdnvmMOe/+5cdoEdg==",
      "dependencies": [
        "delayed-stream"
      ]
    },
    "commander@12.1.0": {
      "integrity": "sha512-Vw8qHK3bZM9y/P10u3Vib8o/DdkvA2OtPtZvD871QKjy74Wj1WSKFILMPRPSdUSx5RFK1arlJzEtA4PkFgnbuA=="
    },
    "content-disposition@0.5.4": {
      "integrity": "sha512-FveZTNuGw04cxlAiWbzi6zTAL/lhehaWbTtgluJh4/E95DqMwTmha3KZN1aAWA8cFIhHzMZUvLevkw5Rqk+tSQ==",
      "dependencies": [
        "safe-buffer@5.2.1"
      ]
    },
    "content-type@1.0.5": {
      "integrity": "sha512-nTjqfcBFEipKdXCv4YDQWCfmcLZKm81ldF0pAopTvyrFGVbcR6P/VAAd5G7N+0tTr8QqiU0tFadD6FK4NtJwOA=="
    },
    "cookies@0.9.1": {
      "integrity": "sha512-TG2hpqe4ELx54QER/S3HQ9SRVnQnGBtKUz5bLQWtYAQ+o6GpgMs6sYUvaiJjVxb+UXwhRhAEP3m7LbsIZ77Hmw==",
      "dependencies": [
        "depd@2.0.0",
        "keygrip"
      ]
    },
    "core-util-is@1.0.3": {
      "integrity": "sha512-ZQBvi1DcpJ4GDqanjucZ2Hj3wEO5pZDS89BWbkcrvdxksJorwUDDZamX9ldFkp9aw2lmBDLgkObEA4DWNJ9FYQ=="
    },
    "debug@2.6.9": {
      "integrity": "sha512-bC7ElrdJaJnPbAP+1EotYvqZsb3ecl5wi6Bfi6BJTUcNowp6cvspg0jXznRTKDjm/E7AdgFBVeAPVMNcKGsHMA==",
      "dependencies": [
        "ms@2.0.0"
      ]
    },
    "debug@4.4.1": {
      "integrity": "sha512-KcKCqiftBJcZr++7ykoDIEwSa3XWowTfNPo92BYxjXiyYEVrUQh2aLyhxBCwww+heortUFxEJYcRzosstTEBYQ==",
      "dependencies": [
        "ms@2.1.3"
      ]
    },
    "deep-equal@1.0.1": {
      "integrity": "sha512-bHtC0iYvWhyaTzvV3CZgPeZQqCOBGyGsVV7v4eevpdkLHfiSrXUdBG+qAuSz4RI70sszvjQ1QSZ98An1yNwpSw=="
    },
    "deepmerge@4.3.1": {
      "integrity": "sha512-3sUqbMEc77XqpdNO7FRyRog+eW3ph+GYCbj+rK+uYyRMuwsVy0rMiVtPn+QJlKFvWP/1PYpapqYn0Me2knFn+A=="
    },
    "delayed-stream@1.0.0": {
      "integrity": "sha512-ZySD7Nf91aLB0RxL4KGrKHBXl7Eds1DAmEdcoVawXnLD7SDhpNgtuII2aAkg7a7QS41jxPSZ17p4VdGnMHk3MQ=="
    },
    "delegates@1.0.0": {
      "integrity": "sha512-bd2L678uiWATM6m5Z1VzNCErI3jiGzt6HGY8OVICs40JQq/HALfbyNJmp0UDakEY4pMMaN0Ly5om/B1VI/+xfQ=="
    },
    "depd@1.1.2": {
      "integrity": "sha512-7emPTl6Dpo6JRXOXjLRxck+FlLRX5847cLKEn00PLAgc3g2hTZZgr+e4c2v6QpSmLeFP3n5yUo7ft6avBK/5jQ=="
    },
    "depd@2.0.0": {
      "integrity": "sha512-g7nH6P6dyDioJogAAGprGpCtVImJhpPk/roCzdb3fIh61/s/nPsfR6onyMwkCAR/OlC3yBC0lESvUoQEAssIrw=="
    },
    "destroy@1.2.0": {
      "integrity": "sha512-2sJGJTaXIIaR1w4iJSNoN0hnMY7Gpc/n8D4qSCJw8QqFWXf7cuAgnEHxBpweaVcPevC2l3KpjYCx3NypQQgaJg=="
    },
    "dom-serializer@2.0.0": {
      "integrity": "sha512-wIkAryiqt/nV5EQKqQpo3SToSOV9J0DnbJqwK7Wv/Trc92zIAYZ4FlMu+JPFW1DfGFt81ZTCGgDEabffXeLyJg==",
      "dependencies": [
        "domelementtype",
        "domhandler",
        "entities"
      ]
    },
    "domelementtype@2.3.0": {
      "integrity": "sha512-OLETBj6w0OsagBwdXnPdN0cnMfF9opN69co+7ZrbfPGrdpPVNBUj02spi6B1N7wChLQiPn4CSH/zJvXw56gmHw=="
    },
    "domhandler@5.0.3": {
      "integrity": "sha512-cgwlv/1iFQiFnU96XXgROh8xTeetsnJiDsTc7TYCLFd9+/WNkIqPTxiM/8pSd8VIrhXGTf1Ny1q1hquVqDJB5w==",
      "dependencies": [
        "domelementtype"
      ]
    },
    "domutils@3.2.2": {
      "integrity": "sha512-6kZKyUajlDuqlHKVX1w7gyslj9MPIXzIFiz/rGu35uC1wMi+kMhQwGhl4lt9unC9Vb9INnY9Z3/ZA3+FhASLaw==",
      "dependencies": [
        "dom-serializer",
        "domelementtype",
        "domhandler"
      ]
    },
    "dunder-proto@1.0.1": {
      "integrity": "sha512-KIN/nDJBQRcXw0MLVhZE9iQHmG68qAVIBg9CqmUYjmQIhgij9U5MFvrqkUL5FbtyyzZuOeOt0zdeRe4UY7ct+A==",
      "dependencies": [
        "call-bind-apply-helpers",
        "es-errors",
        "gopd"
      ]
    },
    "ee-first@1.1.1": {
      "integrity": "sha512-WMwm9LhRUo+WUaRN+vRuETqG89IgZphVSNkdFgeb6sS/E4OrDIN7t48CAewSHXc6C8lefD8KKfr5vY61brQlow=="
    },
    "encodeurl@1.0.2": {
      "integrity": "sha512-TPJXq8JqFaVYm2CWmPvnP2Iyo4ZSM7/QKcSmuMLDObfpH5fi7RUGmd/rTDf+rut/saiDiQEeVTNgAmJEdAOx0w=="
    },
    "entities@4.5.0": {
      "integrity": "sha512-V0hjH4dGPh9Ao5p0MoRY6BVqtwCjhz6vI5LT8AJ55H+4g9/4vbHx1I54fS0XuclLhDHArPQCiMjDxjaL8fPxhw=="
    },
    "es-define-property@1.0.1": {
      "integrity": "sha512-e3nRfgfUZ4rNGL232gUgX06QNyyez04KdjFrF+LTRoOXmrOgFKDg4BCdsjW8EnT69eqdYGmRpJwiPVYNrCaW3g=="
    },
    "es-errors@1.3.0": {
      "integrity": "sha512-Zf5H2Kxt2xjTvbJvP2ZWLEICxA6j+hAmMzIlypy4xcBg1vKVnx89Wy0GbS+kf5cwCVFFzdCFh2XSCFNULS6csw=="
    },
    "es-object-atoms@1.1.1": {
      "integrity": "sha512-FGgH2h8zKNim9ljj7dankFPcICIK9Cp5bm+c2gQSYePhpaG5+esrLODihIorn+Pe6FGJzWhXQotPv73jTaldXA==",
      "dependencies": [
        "es-errors"
      ]
    },
    "es-set-tostringtag@2.1.0": {
      "integrity": "sha512-j6vWzfrGVfyXxge+O0x5sh6cvxAog0a/4Rdd2K36zCMV5eJ+/+tOAngRO8cODMNWbVRdVlmGZQL2YS3yR8bIUA==",
      "dependencies": [
        "es-errors",
        "get-intrinsic",
        "has-tostringtag",
        "hasown"
      ]
    },
    "es6-promise@3.2.1": {
      "integrity": "sha512-oj4jOSXvWglTsc3wrw86iom3LDPOx1nbipQk+jaG3dy+sMRM6ReSgVr/VlmBuF6lXUrflN9DCcQHeSbAwGUl4g=="
    },
    "escape-html@1.0.3": {
      "integrity": "sha512-NiSupZ4OeuGwr68lGIeym/ksIZMJodUGOSCZ/FSnTxcrekbvqrgdUxlJOMpijaKZVjAJrWrGs/6Jy8OMuyj9ow=="
    },
    "escape-string-regexp@1.0.5": {
      "integrity": "sha512-vbRorB5FUQWvla16U8R/qgaFIya2qGzwDrNmCZuYKrbdSUMG6I1ZCGQRefkRVhuOkIGVne7BQ35DSfo1qvJqFg=="
    },
    "fast-deep-equal@2.0.1": {
      "integrity": "sha512-bCK/2Z4zLidyB4ReuIsvALH6w31YfAQDmXMqMx6FyfHqvBxtjC0eRumeSu4Bs3XtXwpyIywtSTrVT99BxY1f9w=="
    },
    "follow-redirects@1.15.9": {
      "integrity": "sha512-gew4GsXizNgdoRyqmyfMHyAmXsZDk6mHkSxZFCzW9gwlbtOW44CDtYavM+y+72qD/Vq2l550kMF52DT8fOLJqQ=="
    },
    "form-data@4.0.3": {
      "integrity": "sha512-qsITQPfmvMOSAdeyZ+12I1c+CKSstAFAwu+97zrnWAbIr5u8wfsExUzCesVLC8NgHuRUqNN4Zy6UPWUTRGslcA==",
      "dependencies": [
        "asynckit",
        "combined-stream",
        "es-set-tostringtag",
        "hasown",
        "mime-types"
      ]
    },
    "fresh@0.5.2": {
      "integrity": "sha512-zJ2mQYM18rEFOudeV4GShTGIQ7RbzA7ozbU9I/XBpm7kqgMywgmylMwXHxZJmkVoYkna9d2pVXVXPdYTP9ej8Q=="
    },
    "function-bind@1.1.2": {
      "integrity": "sha512-7XHNxH7qX9xG5mIwxkhumTox/MIRNcOgDrxWsMt2pAr23WHp6MrRlN7FBSFpCpr+oVO0F744iUgR82nJMfG2SA=="
    },
    "get-intrinsic@1.3.0": {
      "integrity": "sha512-9fSjSaos/fRIVIp+xSJlE6lfwhES7LNtKaCBIamHsjr2na1BiABJPo0mOjjz8GJDURarmCPGqaiVg5mfjb98CQ==",
      "dependencies": [
        "call-bind-apply-helpers",
        "es-define-property",
        "es-errors",
        "es-object-atoms",
        "function-bind",
        "get-proto",
        "gopd",
        "has-symbols",
        "hasown",
        "math-intrinsics"
      ]
    },
    "get-proto@1.0.1": {
      "integrity": "sha512-sTSfBjoXBp89JvIKIefqw7U2CCebsc74kiY6awiGogKtoSGbgjYE/G/+l9sF3MWFPNc9IcoOC4ODfKHfxFmp0g==",
      "dependencies": [
        "dunder-proto",
        "es-object-atoms"
      ]
    },
    "gopd@1.2.0": {
      "integrity": "sha512-ZUKRh6/kUFoAiTAtTYPZJ3hw9wNxx+BIBOijnlG9PnrJsCcSjs1wyyD6vJpaYtgnzDrKYRSqf3OO6Rfa93xsRg=="
    },
    "has-flag@3.0.0": {
      "integrity": "sha512-sKJf1+ceQBr4SMkvQnBDNDtf4TXpVhVGateu0t918bl30FnbE2m4vNLX+VWe/dpjlb+HugGYzW7uQXH98HPEYw=="
    },
    "has-symbols@1.1.0": {
      "integrity": "sha512-1cDNdwJ2Jaohmb3sg4OmKaMBwuC48sYni5HUw2DvsC8LjGTLK9h+eb1X6RyuOHe4hT0ULCW68iomhjUoKUqlPQ=="
    },
    "has-tostringtag@1.0.2": {
      "integrity": "sha512-NqADB8VjPFLM2V0VvHUewwwsw0ZWBaIdgo+ieHtK3hasLz4qeCRjYcqfB6AQrBggRKppKF8L52/VqdVsO47Dlw==",
      "dependencies": [
        "has-symbols"
      ]
    },
    "hasown@2.0.2": {
      "integrity": "sha512-0hJU9SCPvmMzIBdZFqNPXWa6dqh7WdH0cII9y+CyS8rG3nL48Bclra9HmKhVVUHyPWNH5Y7xDwAB7bfgSjkUMQ==",
      "dependencies": [
        "function-bind"
      ]
    },
    "hooks-fixed@2.0.2": {
      "integrity": "sha512-YurCM4gQSetcrhwEtpQHhQ4M7Zo7poNGqY4kQGeBS6eZtOcT3tnNs01ThFa0jYBByAiYt1MjMjP/YApG0EnAvQ=="
    },
    "html-to-text@9.0.5": {
      "integrity": "sha512-qY60FjREgVZL03vJU6IfMV4GDjGBIoOyvuFdpBDIX9yTlDw0TjxVBQp+P8NvpdIXNJvfWBTNul7fsAQJq2FNpg==",
      "dependencies": [
        "@selderee/plugin-htmlparser2",
        "deepmerge",
        "dom-serializer",
        "htmlparser2",
        "selderee"
      ]
    },
    "htmlparser2@8.0.2": {
      "integrity": "sha512-GYdjWKDkbRLkZ5geuHs5NY1puJ+PXwP7+fHPRz06Eirsb9ugf6d8kkXav6ADhcODhFFPMIXyxkxSuMf3D6NCFA==",
      "dependencies": [
        "domelementtype",
        "domhandler",
        "domutils",
        "entities"
      ]
    },
    "http-assert@1.5.0": {
      "integrity": "sha512-uPpH7OKX4H25hBmU6G1jWNaqJGpTXxey+YOUizJUAgu0AjLUeC8D73hTrhvDS5D+GJN1DN1+hhc/eF/wpxtp0w==",
      "dependencies": [
        "deep-equal",
        "http-errors"
      ]
    },
    "http-errors@1.8.1": {
      "integrity": "sha512-Kpk9Sm7NmI+RHhnj6OIWDI1d6fIoFAtFt9RLaTMRlg/8w49juAStsrBgp0Dp4OdxdVbRIeKhtCUvoi/RuAhO4g==",
      "dependencies": [
        "depd@1.1.2",
        "inherits",
        "setprototypeof",
        "statuses",
        "toidentifier"
      ]
    },
    "indent-string@3.2.0": {
      "integrity": "sha512-BYqTHXTGUIvg7t1r4sJNKcbDZkL92nkXA8YtRpbjFHRHGDL/NtUeiBJMeE60kIFN/Mg8ESaWQvftaYMGJzQZCQ=="
    },
    "inherits@2.0.4": {
      "integrity": "sha512-k/vGaX4/Yla3WzyMCvTQOXYeIHvqOKtnqBduzTHpzpQZzAskKMhZ2K+EnBiSM9zGSoIFeMpXKxa4dYeZIQqewQ=="
    },
    "is-generator-function@1.1.0": {
      "integrity": "sha512-nPUB5km40q9e8UfN/Zc24eLlzdSf9OfKByBw9CIdw4H1giPMeA0OIJvbchsCu4npfI2QcMVBsGEBHKZ7wLTWmQ==",
      "dependencies": [
        "call-bound",
        "get-proto",
        "has-tostringtag",
        "safe-regex-test"
      ]
    },
    "is-regex@1.2.1": {
      "integrity": "sha512-MjYsKHO5O7mCsmRGxWcLWheFqN9DJ/2TmngvjKXihe6efViPqc274+Fx/4fYj/r03+ESvBdTXK0V6tA3rgez1g==",
      "dependencies": [
        "call-bound",
        "gopd",
        "has-tostringtag",
        "hasown"
      ]
    },
    "isarray@0.0.1": {
      "integrity": "sha512-D2S+3GLxWH+uhrNEcoh/fnmYeP8E8/zHl644d/jdA0g2uyXvy3sb0qxotE+ne0LtccHknQzWwZEzhak7oJ0COQ=="
    },
    "isarray@1.0.0": {
      "integrity": "sha512-VLghIWNM6ELQzo7zwmcg0NmTVyWKYjvIeM83yjp0wRDTmUnrM678fQbcKBo6n2CJEF0szoG//ytg+TKla89ALQ=="
    },
    "kareem@1.5.0": {
      "integrity": "sha512-DFYc05y1WSs6Ar++MHYRYu7/5r5356WDaKk8tQ8m6rlXD3VLpyG6Np81U78/wWJ4b5hjFXS7HkJNYrs85VypQA=="
    },
    "keygrip@1.1.0": {
      "integrity": "sha512-iYSchDJ+liQ8iwbSI2QqsQOvqv58eJCEanyJPJi+Khyu8smkcKSFUCbPwzFcL7YVtZ6eONjqRX/38caJ7QjRAQ==",
      "dependencies": [
        "tsscmp"
      ]
    },
    "koa-compose@4.1.0": {
      "integrity": "sha512-8ODW8TrDuMYvXRwra/Kh7/rJo9BtOfPc6qO8eAfC80CnCvSjSl0bkRM24X6/XBBEyj0v1nRUQ1LyOy3dbqOWXw=="
    },
    "koa-convert@2.0.0": {
      "integrity": "sha512-asOvN6bFlSnxewce2e/DK3p4tltyfC4VM7ZwuTuepI7dEQVcvpyFuBcEARu1+Hxg8DIwytce2n7jrZtRlPrARA==",
      "dependencies": [
        "co",
        "koa-compose"
      ]
    },
    "koa-router@5.4.2": {
      "integrity": "sha512-m5iOZItudeKwAxeV+hdkMJHz8o2VMfO7ELfsXsFwPrWlDCu+/2FcdrL/fSyFVWw+EPEntDM3ZjIBj5ofpYMpjQ==",
      "dependencies": [
        "co",
        "debug@2.6.9",
        "http-errors",
        "methods",
        "path-to-regexp"
      ],
      "deprecated": true
    },
    "koa@2.16.1": {
      "integrity": "sha512-umfX9d3iuSxTQP4pnzLOz0HKnPg0FaUUIKcye2lOiz3KPu1Y3M3xlz76dISdFPQs37P9eJz1wUpcTS6KDPn9fA==",
      "dependencies": [
        "accepts",
        "cache-content-type",
        "content-disposition",
        "content-type",
        "cookies",
        "debug@4.4.1",
        "delegates",
        "depd@2.0.0",
        "destroy",
        "encodeurl",
        "escape-html",
        "fresh",
        "http-assert",
        "http-errors",
        "is-generator-function",
        "koa-compose",
        "koa-convert",
        "on-finished",
        "only",
        "parseurl",
        "statuses",
        "type-is",
        "vary"
      ]
    },
    "leac@0.6.0": {
      "integrity": "sha512-y+SqErxb8h7nE/fiEX07jsbuhrpO9lL8eca7/Y1nuWV2moNlXhyd59iDGcRf6moVyDMbmTNzL40SUyrFU/yDpg=="
    },
    "lodash.get@4.4.2": {
      "integrity": "sha512-z+Uw/vLuy6gQe8cfaFWD7p0wVv8fJl3mbzXh33RS+0oW2wvUqiRXiQ69gLWSLpgB5/6sU+r6BlQR0MBILadqTQ==",
      "deprecated": true
    },
    "lodash@4.17.21": {
      "integrity": "sha512-v2kDEe57lecTulaDIuNTPy3Ry4gLGJ6Z1O3vE1krgXZNrsQ+LFTGHVxVjcXPs17LhbZVGedAJv8XZ1tvj5FvSg=="
    },
    "math-intrinsics@1.1.0": {
      "integrity": "sha512-/IXtbwEk5HTPyEwyKX6hGkYXxM9nbj64B+ilVJnC/R6B0pH5G4V3b0pVbL7DBj4tkhBAppbQUlf6F6Xl9LHu1g=="
    },
    "media-typer@0.3.0": {
      "integrity": "sha512-dq+qelQ9akHpcOl/gUVRTxVIOkAJ1wR3QAvb4RsVjS8oVoFjDGTc679wJYmUmknUF5HwMLOgb5O+a3KxfWapPQ=="
    },
    "methods@1.1.2": {
      "integrity": "sha512-iclAHeNqNm68zFtnZ0e+1L2yUIdvzNoauKU4WBA3VvH/vPFieF7qfRlwUZU+DA9P9bPXIS90ulxoUoCH23sV2w=="
    },
    "mime-db@1.52.0": {
      "integrity": "sha512-sPU4uV7dYlvtWJxwwxHD0PuihVNiE7TyAbQ5SWxDCB9mUYvOgroQOwYQQOKPJ8CIbE+1ETVlOoK1UC2nU3gYvg=="
    },
    "mime-types@2.1.35": {
      "integrity": "sha512-ZDY+bPm5zTTF+YpCrAU9nK0UgICYPT0QtT1NZWFv4s++TNkcgVaT0g6+4R2uI4MjQjzysHB1zxuWL50hzaeXiw==",
      "dependencies": [
        "mime-db"
      ]
    },
    "mongodb-core@2.1.18": {
      "integrity": "sha512-i+PcaD5a5xF6gc2ujgvQDORV2iSRfoJ+IeBWUZrq37KRMJp+3G79/gPRXVkj/3CEGCPIDDYoTkaRgNpxJDrKBA==",
      "dependencies": [
        "bson",
        "require_optional"
      ]
    },
    "mongodb@2.2.34": {
      "integrity": "sha512-JNW3PxPSMaG5Qu1yWb/BwVmAd5/d6sdX0Fy8Av3pAF3KbwDRqormEGIJMoDjiV/JtOR2zRSPk4xHgZxwI/bAnQ==",
      "dependencies": [
        "es6-promise",
        "mongodb-core",
        "readable-stream"
      ]
    },
    "mongoose@4.13.21": {
      "integrity": "sha512-0VZtQu1rSUPwUtbb7zh6CymI0nNkVInOIDbtWNlna070qnUO14On8PpSVSwlx3gwmkKL2OkP4ioCj5YHC6trMg==",
      "dependencies": [
        "async",
        "bson",
        "hooks-fixed",
        "kareem",
        "lodash.get",
        "mongodb",
        "mpath",
        "mpromise",
        "mquery",
        "ms@2.0.0",
        "muri",
        "regexp-clone",
        "sliced@1.0.1"
      ]
    },
    "mpath@0.5.1": {
      "integrity": "sha512-H8OVQ+QEz82sch4wbODFOz+3YQ61FYz/z3eJ5pIdbMEaUzDqA268Wd+Vt4Paw9TJfvDgVKaayC0gBzMIw2jhsg=="
    },
    "mpromise@0.5.5": {
      "integrity": "sha512-b/IJDqWlRXIW3ZouxIkUYLZFrr4qK/oUEgfVAywuvm77nTdDmY6y57lHxA8kfLnOSM+SbAUN/VvU1RxsGBLkQw=="
    },
    "mquery@2.3.3": {
      "integrity": "sha512-NC8L14kn+qxJbbJ1gbcEMDxF0sC3sv+1cbRReXXwVvowcwY1y9KoVZFq0ebwARibsadu8lx8nWGvm3V0Pf0ZWQ==",
      "dependencies": [
        "bluebird",
        "debug@2.6.9",
        "regexp-clone",
        "sliced@0.0.5"
      ]
    },
    "ms@2.0.0": {
      "integrity": "sha512-Tpp60P6IUJDTuOq/5Z8cdskzJujfwqfOTkrwIwj7IRISpnkJnT6SyJ4PCPnGMoFjC9ddhal5KVIYtAt97ix05A=="
    },
    "ms@2.1.3": {
      "integrity": "sha512-6FlzubTLZG3J2a/NVCAleEhjzq5oxgHyaCU9yYXvcLsvoVaHJq/s5xXI6/XXP6tz7R9xAOtHnSO/tXtF3WRTlA=="
    },
    "muri@1.3.0": {
      "integrity": "sha512-FiaFwKl864onHFFUV/a2szAl7X0fxVlSKNdhTf+BM8i8goEgYut8u5P9MqQqIYwvaMxjzVESsoEm/2kfkFH1rg=="
    },
    "negotiator@0.6.3": {
      "integrity": "sha512-+EUsqGPLsM+j/zdChZjsnX51g4XrHFOIXwfnCVPGlQk/k5giakcKsuxCObBRu6DSm9opw/O6slWbJdghQM4bBg=="
    },
    "on-finished@2.4.1": {
      "integrity": "sha512-oVlzkg3ENAhCk2zdv7IJwd/QUD4z2RxRwpkcGY8psCVcCYZNq4wYnVWALHM+brtuJjePWiYF/ClmuDr8Ch5+kg==",
      "dependencies": [
        "ee-first"
      ]
    },
    "only@0.0.2": {
      "integrity": "sha512-Fvw+Jemq5fjjyWz6CpKx6w9s7xxqo3+JCyM0WXWeCSOboZ8ABkyvP8ID4CZuChA/wxSx+XSJmdOm8rGVyJ1hdQ=="
    },
    "parseley@0.12.1": {
      "integrity": "sha512-e6qHKe3a9HWr0oMRVDTRhKce+bRO8VGQR3NyVwcjwrbhMmFCX9KszEV35+rn4AdilFAq9VPxP/Fe1wC9Qjd2lw==",
      "dependencies": [
        "leac",
        "peberminta"
      ]
    },
    "parseurl@1.3.3": {
      "integrity": "sha512-CiyeOxFT/JZyN5m0z9PfXw4SCBJ6Sygz1Dpl0wqjlhDEGGBP1GnsUVEL0p63hoG1fcj3fHynXi9NYO4nWOL+qQ=="
    },
    "path-to-regexp@1.9.0": {
      "integrity": "sha512-xIp7/apCFJuUHdDLWe8O1HIkb0kQrOMb/0u6FXQjemHn/ii5LrIzU6bdECnsiTF/GjZkMEKg1xdiZwNqDYlZ6g==",
      "dependencies": [
        "isarray@0.0.1"
      ]
    },
    "peberminta@0.9.0": {
      "integrity": "sha512-XIxfHpEuSJbITd1H3EeQwpcZbTLHc+VVr8ANI9t5sit565tsI4/xK3KWTUFE2e6QiangUkh3B0jihzmGnNrRsQ=="
    },
    "prettier@3.6.2": {
      "integrity": "sha512-I7AIg5boAr5R0FFtJ6rCfD+LFsWHp81dolrFD8S79U9tb8Az2nGrJncnMSnys+bpQJfRUzqs9hnA81OAA3hCuQ==",
      "bin": true
    },
    "process-nextick-args@1.0.7": {
      "integrity": "sha512-yN0WQmuCX63LP/TMvAg31nvT6m4vDqJEiiv2CAZqWOGNWutc9DfDk1NPYYmKUFmaVM2UwDowH4u5AHWYP/jxKw=="
    },
    "proxy-from-env@1.1.0": {
      "integrity": "sha512-D+zkORCbA9f1tdWRK0RaCR3GPv50cMxcrz4X8k5LTSUD1Dkw47mKJEZQNunItRTkWwgtaUSo1RVFRIG9ZXiFYg=="
    },
    "r@0.0.5": {
      "integrity": "sha512-rO+FXCKIUiLEVCP4HjIEkq8V5gRHc1N15/2K97GSOE/P5evYj6uOOgvHlINCwMHnEmHouBdeR6PBDzZDqmEH2A=="
    },
    "re@0.1.4": {
      "integrity": "sha512-nnRiW20Jr9hv7Aw3OXd7vIYoq2+26T+QZYJBlC/HMSerJxFOn6AUCKDDB/JKxk5O8dO9wmPQ6qyhQbzIv/JtFw=="
    },
    "react-dom@19.1.0_react@19.1.0": {
      "integrity": "sha512-Xs1hdnE+DyKgeHJeJznQmYMIBG3TKIHJJT95Q58nHLSrElKlGQqDTR2HQ9fx5CN/Gk6Vh/kupBTDLU11/nDk/g==",
      "dependencies": [
        "react",
        "scheduler"
      ]
    },
    "react-promise-suspense@0.3.4": {
      "integrity": "sha512-I42jl7L3Ze6kZaq+7zXWSunBa3b1on5yfvUW6Eo/3fFOj6dZ5Bqmcd264nJbTK/gn1HjjILAjSwnZbV4RpSaNQ==",
      "dependencies": [
        "fast-deep-equal"
      ]
    },
    "react@19.1.0": {
      "integrity": "sha512-FS+XFBNvn3GTAWq26joslQgWNoFu08F4kl0J4CgdNKADkdSGXQyTCnKteIAJy96Br6YbpEU1LSzV5dYtjMkMDg=="
    },
    "readable-stream@2.2.7": {
      "integrity": "sha512-a6ibcfWFhgihuTw/chl+u3fB5ykBZFmnvpyZHebY0MCQE4vvYcsCLpCeaQ1BkH7HdJYavNSqF0WDLeo4IPHQaQ==",
      "dependencies": [
        "buffer-shims",
        "core-util-is",
        "inherits",
        "isarray@1.0.0",
        "process-nextick-args",
        "string_decoder",
        "util-deprecate"
      ]
    },
    "regexp-clone@0.0.1": {
      "integrity": "sha512-tfYXF0HXEYh3AtgdjqNLQ8+tmZSAKIS7KtOjmB1laJgfbsi+Lf2RVNwLZVOE3U27yBXikzQuIXglLlakvb8Thw=="
    },
    "require_optional@1.0.1": {
      "integrity": "sha512-qhM/y57enGWHAe3v/NcwML6a3/vfESLe/sGM2dII+gEO0BpKRUkWZow/tyloNqJyN6kXSl3RyyM8Ll5D/sJP8g==",
      "dependencies": [
        "resolve-from",
        "semver"
      ]
    },
    "res@0.4.0": {
      "integrity": "sha512-GIpSc5wCvGw8uCLubn2RuQ2vBAqSv5uNtzDGpWuw6HVSRiUnHYcWf/5oac8FPglifVOgvV6bWNJpeSLmqZdYLA=="
    },
    "rese@0.0.2-alpha": {
      "integrity": "sha512-nkbhlw89ukLC5C7pH5+DmIchl/jUI1GuUcMhWoSRK1EnTcmWH4+7T4Zn12IKIxCRHT2LEyqf588K8oKJuxNvHA==",
      "dependencies": [
        "koa",
        "koa-router",
        "mongoose",
        "source-map-support"
      ]
    },
    "resen@0.11.2": {
      "integrity": "sha512-3jy/uHL+GCz6aqd7NuvFDu6z6cSBUUVzB3oPe8o9LWdlsiP9Y2ObAbRM5fyWd2N6n61DTn6EyxvcGDUF46EwDg==",
      "dependencies": [
        "@medv/prettyjson",
        "axios",
        "commander"
      ],
      "bin": true
    },
    "resend@4.6.0": {
      "integrity": "sha512-D5T2I82FvEUYFlrHzaDvVtr5ADHdhuoLaXgLFGABKyNtQgPWIuz0Vp2L2Evx779qjK37aF4kcw1yXJDHhA2JnQ==",
      "dependencies": [
        "@react-email/render"
      ]
    },
    "resolve-from@2.0.0": {
      "integrity": "sha512-qpFcKaXsq8+oRoLilkwyc7zHGF5i9Q2/25NIgLQQ/+VVv9rU4qvr6nXVAw1DsnXJyQkZsR4Ytfbtg5ehfcUssQ=="
    },
    "safe-buffer@5.1.2": {
      "integrity": "sha512-Gd2UZBJDkXlY7GbJxfsE8/nvKkUEU1G38c1siN6QP6a9PT9MmHB8GnpscSmMJSoF8LOIrt8ud/wPtojys4G6+g=="
    },
    "safe-buffer@5.2.1": {
      "integrity": "sha512-rp3So07KcdmmKbGvgaNxQSJr7bGVSVk5S9Eq1F+ppbRo70+YeaDxkw5Dd8NPN+GD6bjnYm2VuPuCXmpuYvmCXQ=="
    },
    "safe-regex-test@1.1.0": {
      "integrity": "sha512-x/+Cz4YrimQxQccJf5mKEbIa1NzeCRNI5Ecl/ekmlYaampdNLPalVyIcCZNNH3MvmqBugV5TMYZXv0ljslUlaw==",
      "dependencies": [
        "call-bound",
        "es-errors",
        "is-regex"
      ]
    },
    "scheduler@0.26.0": {
      "integrity": "sha512-NlHwttCI/l5gCPR3D1nNXtWABUmBwvZpEQiD4IXSbIDq8BzLIK/7Ir5gTFSGZDUu37K5cMNp0hFtzO38sC7gWA=="
    },
    "selderee@0.11.0": {
      "integrity": "sha512-5TF+l7p4+OsnP8BCCvSyZiSPc4x4//p5uPwK8TCnVPJYRmU2aYKMpOXvw8zM5a5JvuuCGN1jmsMwuU2W02ukfA==",
      "dependencies": [
        "parseley"
      ]
    },
    "semver@5.7.2": {
      "integrity": "sha512-cBznnQ9KjJqU67B52RMC65CMarK2600WFnbkcaiwWq3xy/5haFJlshgnpjovMVJ+Hff49d8GEn0b87C5pDQ10g==",
      "bin": true
    },
    "setprototypeof@1.2.0": {
      "integrity": "sha512-E5LDX7Wrp85Kil5bhZv46j8jOeboKq5JMmYM3gVGdGH8xFpPWXUMsNrlODCrkoxMEeNi/XZIwuRvY4XNwYMJpw=="
    },
    "sliced@0.0.5": {
      "integrity": "sha512-9bYT917D6H3+q8GlQBJmLVz3bc4OeVGfZ2BB12wvLnluTGfG6/8UdOUbKJDW1EEx9SZMDbjnatkau5/XcUeyOw=="
    },
    "sliced@1.0.1": {
      "integrity": "sha512-VZBmZP8WU3sMOZm1bdgTadsQbcscK0UM8oKxKVBs4XAhUo2Xxzm/OFMGBkPusxw9xL3Uy8LrzEqGqJhclsr0yA=="
    },
    "source-map-support@0.4.18": {
      "integrity": "sha512-try0/JqxPLF9nOjvSta7tVondkP5dwgyLDjVoyMDlmjugT2lRZ1OfsrYTkCd2hkDnJTKRbO/Rl3orm8vlsUzbA==",
      "dependencies": [
        "source-map"
      ]
    },
    "source-map@0.5.7": {
      "integrity": "sha512-LbrmJOMUSdEVxIKvdcJzQC+nQhe8FUZQTXQy6+I75skNgn3OoQ0DZA8YnFa7gp8tqtL3KPf1kmo0R5DoApeSGQ=="
    },
    "statuses@1.5.0": {
      "integrity": "sha512-OpZ3zP+jT1PI7I8nemJX4AKmAX070ZkYPVWV/AaKTJl+tXCTGyVdC1a4SL8RUQYEwk/f34ZX8UTykN68FwrqAA=="
    },
    "string_decoder@1.0.3": {
      "integrity": "sha512-4AH6Z5fzNNBcH+6XDMfA/BTt87skxqJlO0lAh3Dker5zThcAxG6mKz+iGu308UKoPPQ8Dcqx/4JhujzltRa+hQ==",
      "dependencies": [
        "safe-buffer@5.1.2"
      ]
    },
    "supports-color@5.5.0": {
      "integrity": "sha512-QjVjwdXIt408MIiAqCX4oUKsgU2EqAGzs2Ppkm4aQYbjm+ZEWEcW4SfFNTr4uMNZma0ey4f5lgLrkB0aX0QMow==",
      "dependencies": [
        "has-flag"
      ]
    },
    "toidentifier@1.0.1": {
      "integrity": "sha512-o5sSPKEkg/DIQNmH43V0/uerLrpzVedkUh8tGNvaeXpfpuwjKenlSox/2O/BTlZUtEe+JG7s5YhEz608PlAHRA=="
    },
    "tsscmp@1.0.6": {
      "integrity": "sha512-LxhtAkPDTkVCMQjt2h6eBVY28KCjikZqZfMcC15YBeNjkgUpdCfBu5HoiOTDu86v6smE8yOjyEktJ8hlbANHQA=="
    },
    "type-is@1.6.18": {
      "integrity": "sha512-TkRKr9sUTxEH8MdfuCSP7VizJyzRNMjj2J2do2Jr3Kym598JVdEksuzPQCnlFPW4ky9Q+iA+ma9BGm06XQBy8g==",
      "dependencies": [
        "media-typer",
        "mime-types"
      ]
    },
    "undici-types@6.20.0": {
      "integrity": "sha512-Ny6QZ2Nju20vw1SRHe3d9jVu6gJ+4e3+MMpqu7pqE5HT6WsTSlce++GQmK5UXS8mzV8DSYHrQH+Xrf2jVcuKNg=="
    },
    "util-deprecate@1.0.2": {
      "integrity": "sha512-EPD5q1uXyFxJpCrLnCc1nHnq3gOa6DZBocAIiI2TaSCA7VCJ1UJDMagCzIkXNsUYfD1daK//LTEQ8xiIbrHtcw=="
    },
    "vary@1.1.2": {
      "integrity": "sha512-BNGbWLfd0eUPabhkXUVm0j8uuvREyTh5ovRa/dyow/BqAbZJyC+5fU+IzQOzmAKzYqYRAISoRhdQr3eIZ/PXqg=="
    },
    "ylru@1.4.0": {
      "integrity": "sha512-2OQsPNEmBCvXuFlIni/a+Rn+R2pHW9INm0BxXJ4hVDA8TirqMj+J/Rp9ItLatT/5pZqWwefVrTQcHpixsxnVlA=="
    }
  },
  "redirects": {
    "https://deno.land/std/http/server.ts": "https://deno.land/std@0.224.0/http/server.ts",
    "https://esm.sh/@supabase/node-fetch@^2.6.13?target=denonext": "https://esm.sh/@supabase/node-fetch@2.6.15?target=denonext",
    "https://esm.sh/@supabase/node-fetch@^2.6.14?target=denonext": "https://esm.sh/@supabase/node-fetch@2.6.15?target=denonext",
    "https://esm.sh/@supabase/supabase-js": "https://esm.sh/@supabase/supabase-js@2.51.0",
    "https://esm.sh/isows@^1.0.7?target=denonext": "https://esm.sh/isows@1.0.7?target=denonext",
    "https://esm.sh/tr46@~0.0.3?target=denonext": "https://esm.sh/tr46@0.0.3?target=denonext",
    "https://esm.sh/webidl-conversions@^3.0.0?target=denonext": "https://esm.sh/webidl-conversions@3.0.1?target=denonext",
    "https://esm.sh/whatwg-url@^5.0.0?target=denonext": "https://esm.sh/whatwg-url@5.0.0?target=denonext"
  },
  "remote": {
    "https://deno.land/std@0.224.0/async/delay.ts": "f90dd685b97c2f142b8069082993e437b1602b8e2561134827eeb7c12b95c499",
    "https://deno.land/std@0.224.0/http/server.ts": "f9313804bf6467a1704f45f76cb6cd0a3396a3b31c316035e6a4c2035d1ea514",
    "https://esm.sh/@supabase/auth-js@2.71.0/denonext/auth-js.mjs": "33b1a1b8540f1d55f286cc363040b3f66c987973093291d65f4d6522dbfef2eb",
    "https://esm.sh/@supabase/functions-js@2.4.5/denonext/functions-js.mjs": "acfcb4db90c292c335a9dbb5664485f5e0b680533d68e6942abb9387ec7e0d0b",
    "https://esm.sh/@supabase/node-fetch@2.6.15/denonext/node-fetch.mjs": "0bae9052231f4f6dbccc7234d05ea96923dbf967be12f402764580b6bf9f713d",
    "https://esm.sh/@supabase/node-fetch@2.6.15?target=denonext": "4d28c4ad97328403184353f68434f2b6973971507919e9150297413664919cf3",
    "https://esm.sh/@supabase/postgrest-js@1.19.4/denonext/postgrest-js.mjs": "2073b5552ba10c7a8302bffffae771e3aede1daf833382355dae239fb0ab2576",
    "https://esm.sh/@supabase/realtime-js@2.11.15/denonext/realtime-js.mjs": "3b7511415165a1b503eae1dfbc10814ef3d0c1c866c97fdec4f6714bfa34a847",
    "https://esm.sh/@supabase/storage-js@2.7.1/denonext/storage-js.mjs": "73ac8cdc95cfcd794fe603dbd7ce06d539ab51538ae6467eabe0f9cc26c993aa",
    "https://esm.sh/@supabase/supabase-js@2.51.0": "8603496eeecc4070b53b2f3c1f008367c2de72a0acdc8f7fb9c339a53dcff68e",
    "https://esm.sh/@supabase/supabase-js@2.51.0/denonext/supabase-js.mjs": "45570f96cdd576aaa555004dad987c5833aa0a5200362c643f80fff1fbd5075b",
    "https://esm.sh/isows@1.0.7/denonext/isows.mjs": "be1812ebbf28737b43588bbcbd89bf43345e3d58d32be13def331d12361045b4",
    "https://esm.sh/isows@1.0.7?target=denonext": "31b7306eada995ba18e29841d688a42bcc0166caf302e1b183b6d2a7c649f262",
    "https://esm.sh/tr46@0.0.3/denonext/tr46.mjs": "5753ec0a99414f4055f0c1f97691100f13d88e48a8443b00aebb90a512785fa2",
    "https://esm.sh/tr46@0.0.3?target=denonext": "19cb9be0f0d418a0c3abb81f2df31f080e9540a04e43b0f699bce1149cba0cbb",
    "https://esm.sh/webidl-conversions@3.0.1/denonext/webidl-conversions.mjs": "54b5c2d50a294853c4ccebf9d5ed8988c94f4e24e463d84ec859a866ea5fafec",
    "https://esm.sh/webidl-conversions@3.0.1?target=denonext": "4e20318d50528084616c79d7b3f6e7f0fe7b6d09013bd01b3974d7448d767e29",
    "https://esm.sh/whatwg-url@5.0.0/denonext/whatwg-url.mjs": "29b16d74ee72624c915745bbd25b617cfd2248c6af0f5120d131e232a9a9af79",
    "https://esm.sh/whatwg-url@5.0.0?target=denonext": "f001a2cadf81312d214ca330033f474e74d81a003e21e8c5d70a1f46dc97b02d"
  }
}
